
Microsoft Visual Studio Solution File, Format Version 12.00
# Visual Studio 14
VisualStudioVersion = 14.0.25420.1
MinimumVisualStudioVersion = 10.0.40219.1
Project("{FAE04EC0-301F-11D3-BF4B-00C04F79EFBC}") = "AdministradorSeguros", "AdministradorSeguros\AdministradorSeguros.csproj", "{2955E061-5008-4B66-A1D5-438F3FBB6475}"
EndProject
Project("{2150E333-8FDC-42A3-9474-1A3956D46DE8}") = "01-Presentacion", "01-Presentacion", "{D86761ED-93C7-4B15-9155-9963A3ADD123}"
EndProject
Project("{2150E333-8FDC-42A3-9474-1A3956D46DE8}") = "02-Negocio", "02-Negocio", "{1A85C728-28F0-476B-8EEB-387AA6FA5139}"
EndProject
Project("{2150E333-8FDC-42A3-9474-1A3956D46DE8}") = "03-Datos", "03-Datos", "{2FEA2764-26C4-475F-91C7-26DD72539448}"
EndProject
Project("{2150E333-8FDC-42A3-9474-1A3956D46DE8}") = "04-Comun", "04-Comun", "{884ACCF4-A631-4FDF-9BE5-125B8C72EB04}"
EndProject
Project("{FAE04EC0-301F-11D3-BF4B-00C04F79EFBC}") = "Helper", "Helper\Helper.csproj", "{BFB99E0A-D9E0-4040-A695-AEC2D825FA69}"
EndProject
Project("{FAE04EC0-301F-11D3-BF4B-00C04F79EFBC}") = "ManejadorErrores", "ManejadorErrores\ManejadorErrores.csproj", "{5C1E305F-9AC8-4F00-A065-6F60BCD03FFD}"
EndProject
Project("{FAE04EC0-301F-11D3-BF4B-00C04F79EFBC}") = "PlantillaObjetos", "PlantillaObjetos\PlantillaObjetos.csproj", "{6710A6EE-7630-4E25-9E5F-0D438E3843D8}"
EndProject
Project("{FAE04EC0-301F-11D3-BF4B-00C04F79EFBC}") = "Seguridad", "Seguridad\Seguridad.csproj", "{5797593B-D56F-4E60-99EB-0AED4491D2A1}"
EndProject
Project("{FAE04EC0-301F-11D3-BF4B-00C04F79EFBC}") = "Model", "Model\Model.csproj", "{61B02796-B0C1-4C34-98D2-2E9EC88D8172}"
EndProject
Project("{FAE04EC0-301F-11D3-BF4B-00C04F79EFBC}") = "Repositorio", "Repositorio\Repositorio.csproj", "{4E3C70DD-D0D0-4447-8FE8-13C7A1E78281}"
EndProject
Project("{2150E333-8FDC-42A3-9474-1A3956D46DE8}") = "05-ServicioWeb", "05-ServicioWeb", "{4820E438-3DE2-4671-8FCD-180BB07268CD}"
EndProject
Project("{FAE04EC0-301F-11D3-BF4B-00C04F79EFBC}") = "WcfServicioAfp", "WcfServicioAfp\WcfServicioAfp.csproj", "{2F50CA60-ADD3-4B7D-8336-AE277F78D4BA}"
EndProject
Project("{FAE04EC0-301F-11D3-BF4B-00C04F79EFBC}") = "WcfServicioMeler", "WcfServicioMeler\WcfServicioMeler.csproj", "{F114F191-8534-48C2-B705-DF6E8D827925}"
EndProject
Global
	GlobalSection(SolutionConfigurationPlatforms) = preSolution
		Debug|Any CPU = Debug|Any CPU
		Release|Any CPU = Release|Any CPU
	EndGlobalSection
	GlobalSection(ProjectConfigurationPlatforms) = postSolution
		{2955E061-5008-4B66-A1D5-438F3FBB6475}.Debug|Any CPU.ActiveCfg = Debug|Any CPU
		{2955E061-5008-4B66-A1D5-438F3FBB6475}.Debug|Any CPU.Build.0 = Debug|Any CPU
		{2955E061-5008-4B66-A1D5-438F3FBB6475}.Release|Any CPU.ActiveCfg = Release|Any CPU
		{2955E061-5008-4B66-A1D5-438F3FBB6475}.Release|Any CPU.Build.0 = Release|Any CPU
		{BFB99E0A-D9E0-4040-A695-AEC2D825FA69}.Debug|Any CPU.ActiveCfg = Debug|Any CPU
		{BFB99E0A-D9E0-4040-A695-AEC2D825FA69}.Debug|Any CPU.Build.0 = Debug|Any CPU
		{BFB99E0A-D9E0-4040-A695-AEC2D825FA69}.Release|Any CPU.ActiveCfg = Release|Any CPU
		{BFB99E0A-D9E0-4040-A695-AEC2D825FA69}.Release|Any CPU.Build.0 = Release|Any CPU
		{5C1E305F-9AC8-4F00-A065-6F60BCD03FFD}.Debug|Any CPU.ActiveCfg = Debug|Any CPU
		{5C1E305F-9AC8-4F00-A065-6F60BCD03FFD}.Debug|Any CPU.Build.0 = Debug|Any CPU
		{5C1E305F-9AC8-4F00-A065-6F60BCD03FFD}.Release|Any CPU.ActiveCfg = Release|Any CPU
		{5C1E305F-9AC8-4F00-A065-6F60BCD03FFD}.Release|Any CPU.Build.0 = Release|Any CPU
		{6710A6EE-7630-4E25-9E5F-0D438E3843D8}.Debug|Any CPU.ActiveCfg = Debug|Any CPU
		{6710A6EE-7630-4E25-9E5F-0D438E3843D8}.Debug|Any CPU.Build.0 = Debug|Any CPU
		{6710A6EE-7630-4E25-9E5F-0D438E3843D8}.Release|Any CPU.ActiveCfg = Release|Any CPU
		{6710A6EE-7630-4E25-9E5F-0D438E3843D8}.Release|Any CPU.Build.0 = Release|Any CPU
		{5797593B-D56F-4E60-99EB-0AED4491D2A1}.Debug|Any CPU.ActiveCfg = Debug|Any CPU
		{5797593B-D56F-4E60-99EB-0AED4491D2A1}.Debug|Any CPU.Build.0 = Debug|Any CPU
		{5797593B-D56F-4E60-99EB-0AED4491D2A1}.Release|Any CPU.ActiveCfg = Release|Any CPU
		{5797593B-D56F-4E60-99EB-0AED4491D2A1}.Release|Any CPU.Build.0 = Release|Any CPU
		{61B02796-B0C1-4C34-98D2-2E9EC88D8172}.Debug|Any CPU.ActiveCfg = Debug|Any CPU
		{61B02796-B0C1-4C34-98D2-2E9EC88D8172}.Debug|Any CPU.Build.0 = Debug|Any CPU
		{61B02796-B0C1-4C34-98D2-2E9EC88D8172}.Release|Any CPU.ActiveCfg = Release|Any CPU
		{61B02796-B0C1-4C34-98D2-2E9EC88D8172}.Release|Any CPU.Build.0 = Release|Any CPU
		{4E3C70DD-D0D0-4447-8FE8-13C7A1E78281}.Debug|Any CPU.ActiveCfg = Debug|Any CPU
		{4E3C70DD-D0D0-4447-8FE8-13C7A1E78281}.Debug|Any CPU.Build.0 = Debug|Any CPU
		{4E3C70DD-D0D0-4447-8FE8-13C7A1E78281}.Release|Any CPU.ActiveCfg = Release|Any CPU
		{4E3C70DD-D0D0-4447-8FE8-13C7A1E78281}.Release|Any CPU.Build.0 = Release|Any CPU
		{2F50CA60-ADD3-4B7D-8336-AE277F78D4BA}.Debug|Any CPU.ActiveCfg = Debug|Any CPU
		{2F50CA60-ADD3-4B7D-8336-AE277F78D4BA}.Debug|Any CPU.Build.0 = Debug|Any CPU
		{2F50CA60-ADD3-4B7D-8336-AE277F78D4BA}.Release|Any CPU.ActiveCfg = Release|Any CPU
		{2F50CA60-ADD3-4B7D-8336-AE277F78D4BA}.Release|Any CPU.Build.0 = Release|Any CPU
		{F114F191-8534-48C2-B705-DF6E8D827925}.Debug|Any CPU.ActiveCfg = Debug|Any CPU
		{F114F191-8534-48C2-B705-DF6E8D827925}.Debug|Any CPU.Build.0 = Debug|Any CPU
		{F114F191-8534-48C2-B705-DF6E8D827925}.Release|Any CPU.ActiveCfg = Release|Any CPU
		{F114F191-8534-48C2-B705-DF6E8D827925}.Release|Any CPU.Build.0 = Release|Any CPU
	EndGlobalSection
	GlobalSection(SolutionProperties) = preSolution
		HideSolutionNode = FALSE
	EndGlobalSection
	GlobalSection(NestedProjects) = preSolution
		{2955E061-5008-4B66-A1D5-438F3FBB6475} = {D86761ED-93C7-4B15-9155-9963A3ADD123}
		{BFB99E0A-D9E0-4040-A695-AEC2D825FA69} = {884ACCF4-A631-4FDF-9BE5-125B8C72EB04}
		{5C1E305F-9AC8-4F00-A065-6F60BCD03FFD} = {884ACCF4-A631-4FDF-9BE5-125B8C72EB04}
		{6710A6EE-7630-4E25-9E5F-0D438E3843D8} = {884ACCF4-A631-4FDF-9BE5-125B8C72EB04}
		{5797593B-D56F-4E60-99EB-0AED4491D2A1} = {884ACCF4-A631-4FDF-9BE5-125B8C72EB04}
		{61B02796-B0C1-4C34-98D2-2E9EC88D8172} = {1A85C728-28F0-476B-8EEB-387AA6FA5139}
		{4E3C70DD-D0D0-4447-8FE8-13C7A1E78281} = {2FEA2764-26C4-475F-91C7-26DD72539448}
		{2F50CA60-ADD3-4B7D-8336-AE277F78D4BA} = {4820E438-3DE2-4671-8FCD-180BB07268CD}
		{F114F191-8534-48C2-B705-DF6E8D827925} = {4820E438-3DE2-4671-8FCD-180BB07268CD}
	EndGlobalSection
EndGlobal
